// !$*UTF8*$!
{
	archiveVersion = 1;
	classes = {
	};
	objectVersion = 46;
	objects = {

/* Begin PBXBuildFile section */
		95D047F228197052720DC61D /* Pods_GLDBManagerDemo.framework in Frameworks */ = {isa = PBXBuildFile; fileRef = 23A47FD789561DEA38573A03 /* Pods_GLDBManagerDemo.framework */; };
		C35223E91CFC563000D06E40 /* main.m in Sources */ = {isa = PBXBuildFile; fileRef = C35223E81CFC563000D06E40 /* main.m */; };
		C35223EC1CFC563000D06E40 /* AppDelegate.m in Sources */ = {isa = PBXBuildFile; fileRef = C35223EB1CFC563000D06E40 /* AppDelegate.m */; };
		C35223EF1CFC563000D06E40 /* ViewController.m in Sources */ = {isa = PBXBuildFile; fileRef = C35223EE1CFC563000D06E40 /* ViewController.m */; };
		C35223F21CFC563000D06E40 /* Main.storyboard in Resources */ = {isa = PBXBuildFile; fileRef = C35223F01CFC563000D06E40 /* Main.storyboard */; };
		C35223F51CFC563000D06E40 /* GLDBManagerDemo.xcdatamodeld in Sources */ = {isa = PBXBuildFile; fileRef = C35223F31CFC563000D06E40 /* GLDBManagerDemo.xcdatamodeld */; };
		C35223F71CFC563000D06E40 /* Assets.xcassets in Resources */ = {isa = PBXBuildFile; fileRef = C35223F61CFC563000D06E40 /* Assets.xcassets */; };
		C35223FA1CFC563000D06E40 /* LaunchScreen.storyboard in Resources */ = {isa = PBXBuildFile; fileRef = C35223F81CFC563000D06E40 /* LaunchScreen.storyboard */; };
		C35224051CFC563000D06E40 /* GLDBManagerDemoTests.m in Sources */ = {isa = PBXBuildFile; fileRef = C35224041CFC563000D06E40 /* GLDBManagerDemoTests.m */; };
		C35224101CFC563000D06E40 /* GLDBManagerDemoUITests.m in Sources */ = {isa = PBXBuildFile; fileRef = C352240F1CFC563000D06E40 /* GLDBManagerDemoUITests.m */; };
		C36CF1C41CFF11D100927D53 /* PersonModel.m in Sources */ = {isa = PBXBuildFile; fileRef = C36CF1C31CFF11D100927D53 /* PersonModel.m */; };
		C3FFB0E921C7454A004E8875 /* GLModel.m in Sources */ = {isa = PBXBuildFile; fileRef = C3FFB0D421C7454A004E8875 /* GLModel.m */; };
		C3FFB0EA21C7454A004E8875 /* NSMutableDictionary+GLDB.m in Sources */ = {isa = PBXBuildFile; fileRef = C3FFB0D621C7454A004E8875 /* NSMutableDictionary+GLDB.m */; };
		C3FFB0EB21C7454A004E8875 /* GLDatabase.m in Sources */ = {isa = PBXBuildFile; fileRef = C3FFB0DA21C7454A004E8875 /* GLDatabase.m */; };
		C3FFB0EC21C7454A004E8875 /* TestUser.m in Sources */ = {isa = PBXBuildFile; fileRef = C3FFB0DC21C7454A004E8875 /* TestUser.m */; };
		C3FFB0ED21C7454A004E8875 /* GLDBModel.m in Sources */ = {isa = PBXBuildFile; fileRef = C3FFB0E021C7454A004E8875 /* GLDBModel.m */; };
		C3FFB0EE21C7454A004E8875 /* GLDBManager.m in Sources */ = {isa = PBXBuildFile; fileRef = C3FFB0E121C7454A004E8875 /* GLDBManager.m */; };
		C3FFB0EF21C7454A004E8875 /* GLFMDBDatabase.m in Sources */ = {isa = PBXBuildFile; fileRef = C3FFB0E221C7454A004E8875 /* GLFMDBDatabase.m */; };
		C3FFB0F121C7454A004E8875 /* GLSQLGenerator.m in Sources */ = {isa = PBXBuildFile; fileRef = C3FFB0E721C7454A004E8875 /* GLSQLGenerator.m */; };
/* End PBXBuildFile section */

/* Begin PBXContainerItemProxy section */
		C35224011CFC563000D06E40 /* PBXContainerItemProxy */ = {
			isa = PBXContainerItemProxy;
			containerPortal = C35223DC1CFC563000D06E40 /* Project object */;
			proxyType = 1;
			remoteGlobalIDString = C35223E31CFC563000D06E40;
			remoteInfo = GLDBManagerDemo;
		};
		C352240C1CFC563000D06E40 /* PBXContainerItemProxy */ = {
			isa = PBXContainerItemProxy;
			containerPortal = C35223DC1CFC563000D06E40 /* Project object */;
			proxyType = 1;
			remoteGlobalIDString = C35223E31CFC563000D06E40;
			remoteInfo = GLDBManagerDemo;
		};
/* End PBXContainerItemProxy section */

/* Begin PBXFileReference section */
		23A47FD789561DEA38573A03 /* Pods_GLDBManagerDemo.framework */ = {isa = PBXFileReference; explicitFileType = wrapper.framework; includeInIndex = 0; path = Pods_GLDBManagerDemo.framework; sourceTree = BUILT_PRODUCTS_DIR; };
		35963276C1F3E2A101CB0C75 /* Pods-GLDBManagerDemo.debug.xcconfig */ = {isa = PBXFileReference; includeInIndex = 1; lastKnownFileType = text.xcconfig; name = "Pods-GLDBManagerDemo.debug.xcconfig"; path = "Pods/Target Support Files/Pods-GLDBManagerDemo/Pods-GLDBManagerDemo.debug.xcconfig"; sourceTree = "<group>"; };
		C35223E41CFC563000D06E40 /* GLDBManagerDemo.app */ = {isa = PBXFileReference; explicitFileType = wrapper.application; includeInIndex = 0; path = GLDBManagerDemo.app; sourceTree = BUILT_PRODUCTS_DIR; };
		C35223E81CFC563000D06E40 /* main.m */ = {isa = PBXFileReference; lastKnownFileType = sourcecode.c.objc; path = main.m; sourceTree = "<group>"; };
		C35223EA1CFC563000D06E40 /* AppDelegate.h */ = {isa = PBXFileReference; lastKnownFileType = sourcecode.c.h; path = AppDelegate.h; sourceTree = "<group>"; };
		C35223EB1CFC563000D06E40 /* AppDelegate.m */ = {isa = PBXFileReference; lastKnownFileType = sourcecode.c.objc; path = AppDelegate.m; sourceTree = "<group>"; };
		C35223ED1CFC563000D06E40 /* ViewController.h */ = {isa = PBXFileReference; lastKnownFileType = sourcecode.c.h; path = ViewController.h; sourceTree = "<group>"; };
		C35223EE1CFC563000D06E40 /* ViewController.m */ = {isa = PBXFileReference; lastKnownFileType = sourcecode.c.objc; path = ViewController.m; sourceTree = "<group>"; };
		C35223F11CFC563000D06E40 /* Base */ = {isa = PBXFileReference; lastKnownFileType = file.storyboard; name = Base; path = Base.lproj/Main.storyboard; sourceTree = "<group>"; };
		C35223F41CFC563000D06E40 /* GLDBManagerDemo.xcdatamodel */ = {isa = PBXFileReference; lastKnownFileType = wrapper.xcdatamodel; path = GLDBManagerDemo.xcdatamodel; sourceTree = "<group>"; };
		C35223F61CFC563000D06E40 /* Assets.xcassets */ = {isa = PBXFileReference; lastKnownFileType = folder.assetcatalog; path = Assets.xcassets; sourceTree = "<group>"; };
		C35223F91CFC563000D06E40 /* Base */ = {isa = PBXFileReference; lastKnownFileType = file.storyboard; name = Base; path = Base.lproj/LaunchScreen.storyboard; sourceTree = "<group>"; };
		C35223FB1CFC563000D06E40 /* Info.plist */ = {isa = PBXFileReference; lastKnownFileType = text.plist.xml; path = Info.plist; sourceTree = "<group>"; };
		C35224001CFC563000D06E40 /* GLDBManagerDemoTests.xctest */ = {isa = PBXFileReference; explicitFileType = wrapper.cfbundle; includeInIndex = 0; path = GLDBManagerDemoTests.xctest; sourceTree = BUILT_PRODUCTS_DIR; };
		C35224041CFC563000D06E40 /* GLDBManagerDemoTests.m */ = {isa = PBXFileReference; lastKnownFileType = sourcecode.c.objc; path = GLDBManagerDemoTests.m; sourceTree = "<group>"; };
		C35224061CFC563000D06E40 /* Info.plist */ = {isa = PBXFileReference; lastKnownFileType = text.plist.xml; path = Info.plist; sourceTree = "<group>"; };
		C352240B1CFC563000D06E40 /* GLDBManagerDemoUITests.xctest */ = {isa = PBXFileReference; explicitFileType = wrapper.cfbundle; includeInIndex = 0; path = GLDBManagerDemoUITests.xctest; sourceTree = BUILT_PRODUCTS_DIR; };
		C352240F1CFC563000D06E40 /* GLDBManagerDemoUITests.m */ = {isa = PBXFileReference; lastKnownFileType = sourcecode.c.objc; path = GLDBManagerDemoUITests.m; sourceTree = "<group>"; };
		C35224111CFC563000D06E40 /* Info.plist */ = {isa = PBXFileReference; lastKnownFileType = text.plist.xml; path = Info.plist; sourceTree = "<group>"; };
		C36CF1C21CFF11D100927D53 /* PersonModel.h */ = {isa = PBXFileReference; fileEncoding = 4; lastKnownFileType = sourcecode.c.h; path = PersonModel.h; sourceTree = "<group>"; };
		C36CF1C31CFF11D100927D53 /* PersonModel.m */ = {isa = PBXFileReference; fileEncoding = 4; lastKnownFileType = sourcecode.c.objc; path = PersonModel.m; sourceTree = "<group>"; };
		C3FFB0D321C7454A004E8875 /* GLDBManager.h */ = {isa = PBXFileReference; fileEncoding = 4; lastKnownFileType = sourcecode.c.h; path = GLDBManager.h; sourceTree = "<group>"; };
		C3FFB0D421C7454A004E8875 /* GLModel.m */ = {isa = PBXFileReference; fileEncoding = 4; lastKnownFileType = sourcecode.c.objc; path = GLModel.m; sourceTree = "<group>"; };
		C3FFB0D621C7454A004E8875 /* NSMutableDictionary+GLDB.m */ = {isa = PBXFileReference; fileEncoding = 4; lastKnownFileType = sourcecode.c.objc; path = "NSMutableDictionary+GLDB.m"; sourceTree = "<group>"; };
		C3FFB0D721C7454A004E8875 /* NSMutableDictionary+GLDB.h */ = {isa = PBXFileReference; fileEncoding = 4; lastKnownFileType = sourcecode.c.h; path = "NSMutableDictionary+GLDB.h"; sourceTree = "<group>"; };
		C3FFB0D821C7454A004E8875 /* GLFMDBDatabase.h */ = {isa = PBXFileReference; fileEncoding = 4; lastKnownFileType = sourcecode.c.h; path = GLFMDBDatabase.h; sourceTree = "<group>"; };
		C3FFB0DA21C7454A004E8875 /* GLDatabase.m */ = {isa = PBXFileReference; fileEncoding = 4; lastKnownFileType = sourcecode.c.objc; path = GLDatabase.m; sourceTree = "<group>"; };
		C3FFB0DB21C7454A004E8875 /* GLSQLGenerator.h */ = {isa = PBXFileReference; fileEncoding = 4; lastKnownFileType = sourcecode.c.h; path = GLSQLGenerator.h; sourceTree = "<group>"; };
		C3FFB0DC21C7454A004E8875 /* TestUser.m */ = {isa = PBXFileReference; fileEncoding = 4; lastKnownFileType = sourcecode.c.objc; path = TestUser.m; sourceTree = "<group>"; };
		C3FFB0DE21C7454A004E8875 /* GLDBPersistProtocol.h */ = {isa = PBXFileReference; fileEncoding = 4; lastKnownFileType = sourcecode.c.h; path = GLDBPersistProtocol.h; sourceTree = "<group>"; };
		C3FFB0DF21C7454A004E8875 /* GLDataBaseProtocol.h */ = {isa = PBXFileReference; fileEncoding = 4; lastKnownFileType = sourcecode.c.h; path = GLDataBaseProtocol.h; sourceTree = "<group>"; };
		C3FFB0E021C7454A004E8875 /* GLDBModel.m */ = {isa = PBXFileReference; fileEncoding = 4; lastKnownFileType = sourcecode.c.objc; path = GLDBModel.m; sourceTree = "<group>"; };
		C3FFB0E121C7454A004E8875 /* GLDBManager.m */ = {isa = PBXFileReference; fileEncoding = 4; lastKnownFileType = sourcecode.c.objc; path = GLDBManager.m; sourceTree = "<group>"; };
		C3FFB0E221C7454A004E8875 /* GLFMDBDatabase.m */ = {isa = PBXFileReference; fileEncoding = 4; lastKnownFileType = sourcecode.c.objc; path = GLFMDBDatabase.m; sourceTree = "<group>"; };
		C3FFB0E321C7454A004E8875 /* GLModel.h */ = {isa = PBXFileReference; fileEncoding = 4; lastKnownFileType = sourcecode.c.h; path = GLModel.h; sourceTree = "<group>"; };
		C3FFB0E521C7454A004E8875 /* GLDBModel.h */ = {isa = PBXFileReference; fileEncoding = 4; lastKnownFileType = sourcecode.c.h; path = GLDBModel.h; sourceTree = "<group>"; };
		C3FFB0E621C7454A004E8875 /* TestUser.h */ = {isa = PBXFileReference; fileEncoding = 4; lastKnownFileType = sourcecode.c.h; path = TestUser.h; sourceTree = "<group>"; };
		C3FFB0E721C7454A004E8875 /* GLSQLGenerator.m */ = {isa = PBXFileReference; fileEncoding = 4; lastKnownFileType = sourcecode.c.objc; path = GLSQLGenerator.m; sourceTree = "<group>"; };
		C3FFB0E821C7454A004E8875 /* GLDatabase.h */ = {isa = PBXFileReference; fileEncoding = 4; lastKnownFileType = sourcecode.c.h; path = GLDatabase.h; sourceTree = "<group>"; };
		CA900AE7BEF33E7861F4151A /* Pods-GLDBManagerDemo.release.xcconfig */ = {isa = PBXFileReference; includeInIndex = 1; lastKnownFileType = text.xcconfig; name = "Pods-GLDBManagerDemo.release.xcconfig"; path = "Pods/Target Support Files/Pods-GLDBManagerDemo/Pods-GLDBManagerDemo.release.xcconfig"; sourceTree = "<group>"; };
		E9357E14786CCB21BA2C092E /* Pods.framework */ = {isa = PBXFileReference; explicitFileType = wrapper.framework; includeInIndex = 0; path = Pods.framework; sourceTree = BUILT_PRODUCTS_DIR; };
/* End PBXFileReference section */

/* Begin PBXFrameworksBuildPhase section */
		C35223E11CFC563000D06E40 /* Frameworks */ = {
			isa = PBXFrameworksBuildPhase;
			buildActionMask = 2147483647;
			files = (
				95D047F228197052720DC61D /* Pods_GLDBManagerDemo.framework in Frameworks */,
			);
			runOnlyForDeploymentPostprocessing = 0;
		};
		C35223FD1CFC563000D06E40 /* Frameworks */ = {
			isa = PBXFrameworksBuildPhase;
			buildActionMask = 2147483647;
			files = (
			);
			runOnlyForDeploymentPostprocessing = 0;
		};
		C35224081CFC563000D06E40 /* Frameworks */ = {
			isa = PBXFrameworksBuildPhase;
			buildActionMask = 2147483647;
			files = (
			);
			runOnlyForDeploymentPostprocessing = 0;
		};
/* End PBXFrameworksBuildPhase section */

/* Begin PBXGroup section */
		7863ACA98980DB577D7A5C91 /* Pods */ = {
			isa = PBXGroup;
			children = (
				35963276C1F3E2A101CB0C75 /* Pods-GLDBManagerDemo.debug.xcconfig */,
				CA900AE7BEF33E7861F4151A /* Pods-GLDBManagerDemo.release.xcconfig */,
			);
			name = Pods;
			sourceTree = "<group>";
		};
		C0A4EC6E9FB0B724F03F662F /* Frameworks */ = {
			isa = PBXGroup;
			children = (
				E9357E14786CCB21BA2C092E /* Pods.framework */,
				23A47FD789561DEA38573A03 /* Pods_GLDBManagerDemo.framework */,
			);
			name = Frameworks;
			sourceTree = "<group>";
		};
		C35223DB1CFC563000D06E40 = {
			isa = PBXGroup;
			children = (
				C35223E61CFC563000D06E40 /* GLDBManagerDemo */,
				C35224031CFC563000D06E40 /* GLDBManagerDemoTests */,
				C352240E1CFC563000D06E40 /* GLDBManagerDemoUITests */,
				C35223E51CFC563000D06E40 /* Products */,
				C0A4EC6E9FB0B724F03F662F /* Frameworks */,
				7863ACA98980DB577D7A5C91 /* Pods */,
			);
			sourceTree = "<group>";
		};
		C35223E51CFC563000D06E40 /* Products */ = {
			isa = PBXGroup;
			children = (
				C35223E41CFC563000D06E40 /* GLDBManagerDemo.app */,
				C35224001CFC563000D06E40 /* GLDBManagerDemoTests.xctest */,
				C352240B1CFC563000D06E40 /* GLDBManagerDemoUITests.xctest */,
			);
			name = Products;
			sourceTree = "<group>";
		};
		C35223E61CFC563000D06E40 /* GLDBManagerDemo */ = {
			isa = PBXGroup;
			children = (
				C3FFB0D221C7454A004E8875 /* GLDBManager */,
				C35223EA1CFC563000D06E40 /* AppDelegate.h */,
				C35223EB1CFC563000D06E40 /* AppDelegate.m */,
				C35223ED1CFC563000D06E40 /* ViewController.h */,
				C35223EE1CFC563000D06E40 /* ViewController.m */,
				C35223F01CFC563000D06E40 /* Main.storyboard */,
				C35223F61CFC563000D06E40 /* Assets.xcassets */,
				C35223F81CFC563000D06E40 /* LaunchScreen.storyboard */,
				C35223FB1CFC563000D06E40 /* Info.plist */,
				C35223F31CFC563000D06E40 /* GLDBManagerDemo.xcdatamodeld */,
				C35223E71CFC563000D06E40 /* Supporting Files */,
				C36CF1C21CFF11D100927D53 /* PersonModel.h */,
				C36CF1C31CFF11D100927D53 /* PersonModel.m */,
			);
			path = GLDBManagerDemo;
			sourceTree = "<group>";
		};
		C35223E71CFC563000D06E40 /* Supporting Files */ = {
			isa = PBXGroup;
			children = (
				C35223E81CFC563000D06E40 /* main.m */,
			);
			name = "Supporting Files";
			sourceTree = "<group>";
		};
		C35224031CFC563000D06E40 /* GLDBManagerDemoTests */ = {
			isa = PBXGroup;
			children = (
				C35224041CFC563000D06E40 /* GLDBManagerDemoTests.m */,
				C35224061CFC563000D06E40 /* Info.plist */,
			);
			path = GLDBManagerDemoTests;
			sourceTree = "<group>";
		};
		C352240E1CFC563000D06E40 /* GLDBManagerDemoUITests */ = {
			isa = PBXGroup;
			children = (
				C352240F1CFC563000D06E40 /* GLDBManagerDemoUITests.m */,
				C35224111CFC563000D06E40 /* Info.plist */,
			);
			path = GLDBManagerDemoUITests;
			sourceTree = "<group>";
		};
		C3FFB0D221C7454A004E8875 /* GLDBManager */ = {
			isa = PBXGroup;
			children = (
				C3FFB0D521C7454A004E8875 /* Category */,
				C3FFB0E821C7454A004E8875 /* GLDatabase.h */,
				C3FFB0DA21C7454A004E8875 /* GLDatabase.m */,
				C3FFB0D321C7454A004E8875 /* GLDBManager.h */,
				C3FFB0E121C7454A004E8875 /* GLDBManager.m */,
				C3FFB0E521C7454A004E8875 /* GLDBModel.h */,
				C3FFB0E021C7454A004E8875 /* GLDBModel.m */,
				C3FFB0D821C7454A004E8875 /* GLFMDBDatabase.h */,
				C3FFB0E221C7454A004E8875 /* GLFMDBDatabase.m */,
				C3FFB0E321C7454A004E8875 /* GLModel.h */,
				C3FFB0D421C7454A004E8875 /* GLModel.m */,
				C3FFB0DB21C7454A004E8875 /* GLSQLGenerator.h */,
				C3FFB0E721C7454A004E8875 /* GLSQLGenerator.m */,
				C3FFB0DD21C7454A004E8875 /* Protocol */,
				C3FFB0E621C7454A004E8875 /* TestUser.h */,
				C3FFB0DC21C7454A004E8875 /* TestUser.m */,
			);
			path = GLDBManager;
			sourceTree = "<group>";
		};
		C3FFB0D521C7454A004E8875 /* Category */ = {
			isa = PBXGroup;
			children = (
				C3FFB0D621C7454A004E8875 /* NSMutableDictionary+GLDB.m */,
				C3FFB0D721C7454A004E8875 /* NSMutableDictionary+GLDB.h */,
			);
			path = Category;
			sourceTree = "<group>";
		};
		C3FFB0DD21C7454A004E8875 /* Protocol */ = {
			isa = PBXGroup;
			children = (
				C3FFB0DE21C7454A004E8875 /* GLDBPersistProtocol.h */,
				C3FFB0DF21C7454A004E8875 /* GLDataBaseProtocol.h */,
			);
			path = Protocol;
			sourceTree = "<group>";
		};
/* End PBXGroup section */

/* Begin PBXNativeTarget section */
		C35223E31CFC563000D06E40 /* GLDBManagerDemo */ = {
			isa = PBXNativeTarget;
			buildConfigurationList = C35224141CFC563000D06E40 /* Build configuration list for PBXNativeTarget "GLDBManagerDemo" */;
			buildPhases = (
				3B05E0F38BE197DCC9EFFFF3 /* [CP] Check Pods Manifest.lock */,
				C35223E01CFC563000D06E40 /* Sources */,
				C35223E11CFC563000D06E40 /* Frameworks */,
				C35223E21CFC563000D06E40 /* Resources */,
				BC0C0C6464A9D685001FEB83 /* [CP] Embed Pods Frameworks */,
			);
			buildRules = (
			);
			dependencies = (
			);
			name = GLDBManagerDemo;
			productName = GLDBManagerDemo;
			productReference = C35223E41CFC563000D06E40 /* GLDBManagerDemo.app */;
			productType = "com.apple.product-type.application";
		};
		C35223FF1CFC563000D06E40 /* GLDBManagerDemoTests */ = {
			isa = PBXNativeTarget;
			buildConfigurationList = C35224171CFC563000D06E40 /* Build configuration list for PBXNativeTarget "GLDBManagerDemoTests" */;
			buildPhases = (
				C35223FC1CFC563000D06E40 /* Sources */,
				C35223FD1CFC563000D06E40 /* Frameworks */,
				C35223FE1CFC563000D06E40 /* Resources */,
			);
			buildRules = (
			);
			dependencies = (
				C35224021CFC563000D06E40 /* PBXTargetDependency */,
			);
			name = GLDBManagerDemoTests;
			productName = GLDBManagerDemoTests;
			productReference = C35224001CFC563000D06E40 /* GLDBManagerDemoTests.xctest */;
			productType = "com.apple.product-type.bundle.unit-test";
		};
		C352240A1CFC563000D06E40 /* GLDBManagerDemoUITests */ = {
			isa = PBXNativeTarget;
			buildConfigurationList = C352241A1CFC563000D06E40 /* Build configuration list for PBXNativeTarget "GLDBManagerDemoUITests" */;
			buildPhases = (
				C35224071CFC563000D06E40 /* Sources */,
				C35224081CFC563000D06E40 /* Frameworks */,
				C35224091CFC563000D06E40 /* Resources */,
			);
			buildRules = (
			);
			dependencies = (
				C352240D1CFC563000D06E40 /* PBXTargetDependency */,
			);
			name = GLDBManagerDemoUITests;
			productName = GLDBManagerDemoUITests;
			productReference = C352240B1CFC563000D06E40 /* GLDBManagerDemoUITests.xctest */;
			productType = "com.apple.product-type.bundle.ui-testing";
		};
/* End PBXNativeTarget section */

/* Begin PBXProject section */
		C35223DC1CFC563000D06E40 /* Project object */ = {
			isa = PBXProject;
			attributes = {
				LastUpgradeCheck = 0720;
				ORGANIZATIONNAME = GrayLand;
				TargetAttributes = {
					C35223E31CFC563000D06E40 = {
						CreatedOnToolsVersion = 7.2;
					};
					C35223FF1CFC563000D06E40 = {
						CreatedOnToolsVersion = 7.2;
						TestTargetID = C35223E31CFC563000D06E40;
					};
					C352240A1CFC563000D06E40 = {
						CreatedOnToolsVersion = 7.2;
						TestTargetID = C35223E31CFC563000D06E40;
					};
				};
			};
			buildConfigurationList = C35223DF1CFC563000D06E40 /* Build configuration list for PBXProject "GLDBManagerDemo" */;
			compatibilityVersion = "Xcode 3.2";
			developmentRegion = English;
			hasScannedForEncodings = 0;
			knownRegions = (
				en,
				Base,
			);
			mainGroup = C35223DB1CFC563000D06E40;
			productRefGroup = C35223E51CFC563000D06E40 /* Products */;
			projectDirPath = "";
			projectRoot = "";
			targets = (
				C35223E31CFC563000D06E40 /* GLDBManagerDemo */,
				C35223FF1CFC563000D06E40 /* GLDBManagerDemoTests */,
				C352240A1CFC563000D06E40 /* GLDBManagerDemoUITests */,
			);
		};
/* End PBXProject section */

/* Begin PBXResourcesBuildPhase section */
		C35223E21CFC563000D06E40 /* Resources */ = {
			isa = PBXResourcesBuildPhase;
			buildActionMask = 2147483647;
			files = (
				C35223FA1CFC563000D06E40 /* LaunchScreen.storyboard in Resources */,
				C35223F71CFC563000D06E40 /* Assets.xcassets in Resources */,
				C35223F21CFC563000D06E40 /* Main.storyboard in Resources */,
			);
			runOnlyForDeploymentPostprocessing = 0;
		};
		C35223FE1CFC563000D06E40 /* Resources */ = {
			isa = PBXResourcesBuildPhase;
			buildActionMask = 2147483647;
			files = (
			);
			runOnlyForDeploymentPostprocessing = 0;
		};
		C35224091CFC563000D06E40 /* Resources */ = {
			isa = PBXResourcesBuildPhase;
			buildActionMask = 2147483647;
			files = (
			);
			runOnlyForDeploymentPostprocessing = 0;
		};
/* End PBXResourcesBuildPhase section */

/* Begin PBXShellScriptBuildPhase section */
		3B05E0F38BE197DCC9EFFFF3 /* [CP] Check Pods Manifest.lock */ = {
			isa = PBXShellScriptBuildPhase;
			buildActionMask = 2147483647;
			files = (
			);
			inputFileListPaths = (
			);
			inputPaths = (
				"${PODS_PODFILE_DIR_PATH}/Podfile.lock",
				"${PODS_ROOT}/Manifest.lock",
			);
			name = "[CP] Check Pods Manifest.lock";
			outputFileListPaths = (
			);
			outputPaths = (
				"$(DERIVED_FILE_DIR)/Pods-GLDBManagerDemo-checkManifestLockResult.txt",
			);
			runOnlyForDeploymentPostprocessing = 0;
			shellPath = /bin/sh;
			shellScript = "diff \"${PODS_PODFILE_DIR_PATH}/Podfile.lock\" \"${PODS_ROOT}/Manifest.lock\" > /dev/null\nif [ $? != 0 ] ; then\n    # print error to STDERR\n    echo \"error: The sandbox is not in sync with the Podfile.lock. Run 'pod install' or update your CocoaPods installation.\" >&2\n    exit 1\nfi\n# This output is used by Xcode 'outputs' to avoid re-running this script phase.\necho \"SUCCESS\" > \"${SCRIPT_OUTPUT_FILE_0}\"\n";
			showEnvVarsInLog = 0;
		};
		BC0C0C6464A9D685001FEB83 /* [CP] Embed Pods Frameworks */ = {
			isa = PBXShellScriptBuildPhase;
			buildActionMask = 2147483647;
			files = (
			);
			inputFileListPaths = (
			);
			inputPaths = (
				"${SRCROOT}/Pods/Target Support Files/Pods-GLDBManagerDemo/Pods-GLDBManagerDemo-frameworks.sh",
				"${BUILT_PRODUCTS_DIR}/FMDB/FMDB.framework",
				"${BUILT_PRODUCTS_DIR}/YYModel/YYModel.framework",
			);
			name = "[CP] Embed Pods Frameworks";
			outputFileListPaths = (
			);
			outputPaths = (
				"${TARGET_BUILD_DIR}/${FRAMEWORKS_FOLDER_PATH}/FMDB.framework",
				"${TARGET_BUILD_DIR}/${FRAMEWORKS_FOLDER_PATH}/YYModel.framework",
			);
			runOnlyForDeploymentPostprocessing = 0;
			shellPath = /bin/sh;
			shellScript = "\"${SRCROOT}/Pods/Target Support Files/Pods-GLDBManagerDemo/Pods-GLDBManagerDemo-frameworks.sh\"\n";
			showEnvVarsInLog = 0;
		};
/* End PBXShellScriptBuildPhase section */

/* Begin PBXSourcesBuildPhase section */
		C35223E01CFC563000D06E40 /* Sources */ = {
			isa = PBXSourcesBuildPhase;
			buildActionMask = 2147483647;
			files = (
				C3FFB0E921C7454A004E8875 /* GLModel.m in Sources */,
				C3FFB0F121C7454A004E8875 /* GLSQLGenerator.m in Sources */,
				C35223EF1CFC563000D06E40 /* ViewController.m in Sources */,
				C3FFB0EA21C7454A004E8875 /* NSMutableDictionary+GLDB.m in Sources */,
				C35223F51CFC563000D06E40 /* GLDBManagerDemo.xcdatamodeld in Sources */,
				C3FFB0EC21C7454A004E8875 /* TestUser.m in Sources */,
				C36CF1C41CFF11D100927D53 /* PersonModel.m in Sources */,
				C35223EC1CFC563000D06E40 /* AppDelegate.m in Sources */,
				C35223E91CFC563000D06E40 /* main.m in Sources */,
				C3FFB0EF21C7454A004E8875 /* GLFMDBDatabase.m in Sources */,
				C3FFB0ED21C7454A004E8875 /* GLDBModel.m in Sources */,
				C3FFB0EB21C7454A004E8875 /* GLDatabase.m in Sources */,
				C3FFB0EE21C7454A004E8875 /* GLDBManager.m in Sources */,
			);
			runOnlyForDeploymentPostprocessing = 0;
		};
		C35223FC1CFC563000D06E40 /* Sources */ = {
			isa = PBXSourcesBuildPhase;
			buildActionMask = 2147483647;
			files = (
				C35224051CFC563000D06E40 /* GLDBManagerDemoTests.m in Sources */,
			);
			runOnlyForDeploymentPostprocessing = 0;
		};
		C35224071CFC563000D06E40 /* Sources */ = {
			isa = PBXSourcesBuildPhase;
			buildActionMask = 2147483647;
			files = (
				C35224101CFC563000D06E40 /* GLDBManagerDemoUITests.m in Sources */,
			);
			runOnlyForDeploymentPostprocessing = 0;
		};
/* End PBXSourcesBuildPhase section */

/* Begin PBXTargetDependency section */
		C35224021CFC563000D06E40 /* PBXTargetDependency */ = {
			isa = PBXTargetDependency;
			target = C35223E31CFC563000D06E40 /* GLDBManagerDemo */;
			targetProxy = C35224011CFC563000D06E40 /* PBXContainerItemProxy */;
		};
		C352240D1CFC563000D06E40 /* PBXTargetDependency */ = {
			isa = PBXTargetDependency;
			target = C35223E31CFC563000D06E40 /* GLDBManagerDemo */;
			targetProxy = C352240C1CFC563000D06E40 /* PBXContainerItemProxy */;
		};
/* End PBXTargetDependency section */

/* Begin PBXVariantGroup section */
		C35223F01CFC563000D06E40 /* Main.storyboard */ = {
			isa = PBXVariantGroup;
			children = (
				C35223F11CFC563000D06E40 /* Base */,
			);
			name = Main.storyboard;
			sourceTree = "<group>";
		};
		C35223F81CFC563000D06E40 /* LaunchScreen.storyboard */ = {
			isa = PBXVariantGroup;
			children = (
				C35223F91CFC563000D06E40 /* Base */,
			);
			name = LaunchScreen.storyboard;
			sourceTree = "<group>";
		};
/* End PBXVariantGroup section */

/* Begin XCBuildConfiguration section */
		C35224121CFC563000D06E40 /* Debug */ = {
			isa = XCBuildConfiguration;
			buildSettings = {
				ALWAYS_SEARCH_USER_PATHS = NO;
				CLANG_CXX_LANGUAGE_STANDARD = "gnu++0x";
				CLANG_CXX_LIBRARY = "libc++";
				CLANG_ENABLE_MODULES = YES;
				CLANG_ENABLE_OBJC_ARC = YES;
				CLANG_WARN_BOOL_CONVERSION = YES;
				CLANG_WARN_CONSTANT_CONVERSION = YES;
				CLANG_WARN_DIRECT_OBJC_ISA_USAGE = YES_ERROR;
				CLANG_WARN_EMPTY_BODY = YES;
				CLANG_WARN_ENUM_CONVERSION = YES;
				CLANG_WARN_INT_CONVERSION = YES;
				CLANG_WARN_OBJC_ROOT_CLASS = YES_ERROR;
				CLANG_WARN_UNREACHABLE_CODE = YES;
				CLANG_WARN__DUPLICATE_METHOD_MATCH = YES;
				"CODE_SIGN_IDENTITY[sdk=iphoneos*]" = "iPhone Developer";
				COPY_PHASE_STRIP = NO;
				DEBUG_INFORMATION_FORMAT = dwarf;
				ENABLE_STRICT_OBJC_MSGSEND = YES;
				ENABLE_TESTABILITY = YES;
				GCC_C_LANGUAGE_STANDARD = gnu99;
				GCC_DYNAMIC_NO_PIC = NO;
				GCC_NO_COMMON_BLOCKS = YES;
				GCC_OPTIMIZATION_LEVEL = 0;
				GCC_PREPROCESSOR_DEFINITIONS = (
					"DEBUG=1",
					"$(inherited)",
				);
				GCC_WARN_64_TO_32_BIT_CONVERSION = YES;
				GCC_WARN_ABOUT_RETURN_TYPE = YES_ERROR;
				GCC_WARN_UNDECLARED_SELECTOR = YES;
				GCC_WARN_UNINITIALIZED_AUTOS = YES_AGGRESSIVE;
				GCC_WARN_UNUSED_FUNCTION = YES;
				GCC_WARN_UNUSED_VARIABLE = YES;
				IPHONEOS_DEPLOYMENT_TARGET = 9.2;
				MTL_ENABLE_DEBUG_INFO = YES;
				ONLY_ACTIVE_ARCH = YES;
				SDKROOT = iphoneos;
			};
			name = Debug;
		};
		C35224131CFC563000D06E40 /* Release */ = {
			isa = XCBuildConfiguration;
			buildSettings = {
				ALWAYS_SEARCH_USER_PATHS = NO;
				CLANG_CXX_LANGUAGE_STANDARD = "gnu++0x";
				CLANG_CXX_LIBRARY = "libc++";
				CLANG_ENABLE_MODULES = YES;
				CLANG_ENABLE_OBJC_ARC = YES;
				CLANG_WARN_BOOL_CONVERSION = YES;
				CLANG_WARN_CONSTANT_CONVERSION = YES;
				CLANG_WARN_DIRECT_OBJC_ISA_USAGE = YES_ERROR;
				CLANG_WARN_EMPTY_BODY = YES;
				CLANG_WARN_ENUM_CONVERSION = YES;
				CLANG_WARN_INT_CONVERSION = YES;
				CLANG_WARN_OBJC_ROOT_CLASS = YES_ERROR;
				CLANG_WARN_UNREACHABLE_CODE = YES;
				CLANG_WARN__DUPLICATE_METHOD_MATCH = YES;
				"CODE_SIGN_IDENTITY[sdk=iphoneos*]" = "iPhone Developer";
				COPY_PHASE_STRIP = NO;
				DEBUG_INFORMATION_FORMAT = "dwarf-with-dsym";
				ENABLE_NS_ASSERTIONS = NO;
				ENABLE_STRICT_OBJC_MSGSEND = YES;
				GCC_C_LANGUAGE_STANDARD = gnu99;
				GCC_NO_COMMON_BLOCKS = YES;
				GCC_WARN_64_TO_32_BIT_CONVERSION = YES;
				GCC_WARN_ABOUT_RETURN_TYPE = YES_ERROR;
				GCC_WARN_UNDECLARED_SELECTOR = YES;
				GCC_WARN_UNINITIALIZED_AUTOS = YES_AGGRESSIVE;
				GCC_WARN_UNUSED_FUNCTION = YES;
				GCC_WARN_UNUSED_VARIABLE = YES;
				IPHONEOS_DEPLOYMENT_TARGET = 9.2;
				MTL_ENABLE_DEBUG_INFO = NO;
				SDKROOT = iphoneos;
				VALIDATE_PRODUCT = YES;
			};
			name = Release;
		};
		C35224151CFC563000D06E40 /* Debug */ = {
			isa = XCBuildConfiguration;
			baseConfigurationReference = 35963276C1F3E2A101CB0C75 /* Pods-GLDBManagerDemo.debug.xcconfig */;
			buildSettings = {
				ASSETCATALOG_COMPILER_APPICON_NAME = AppIcon;
				INFOPLIST_FILE = GLDBManagerDemo/Info.plist;
				IPHONEOS_DEPLOYMENT_TARGET = 8.0;
				LD_RUNPATH_SEARCH_PATHS = "$(inherited) @executable_path/Frameworks";
				PRODUCT_BUNDLE_IDENTIFIER = GrayLand.GLDBManagerDemo;
				PRODUCT_NAME = "$(TARGET_NAME)";
			};
			name = Debug;
		};
		C35224161CFC563000D06E40 /* Release */ = {
			isa = XCBuildConfiguration;
			baseConfigurationReference = CA900AE7BEF33E7861F4151A /* Pods-GLDBManagerDemo.release.xcconfig */;
			buildSettings = {
				ASSETCATALOG_COMPILER_APPICON_NAME = AppIcon;
				INFOPLIST_FILE = GLDBManagerDemo/Info.plist;
				IPHONEOS_DEPLOYMENT_TARGET = 8.0;
				LD_RUNPATH_SEARCH_PATHS = "$(inherited) @executable_path/Frameworks";
				PRODUCT_BUNDLE_IDENTIFIER = GrayLand.GLDBManagerDemo;
				PRODUCT_NAME = "$(TARGET_NAME)";
			};
			name = Release;
		};
		C35224181CFC563000D06E40 /* Debug */ = {
			isa = XCBuildConfiguration;
			buildSettings = {
				BUNDLE_LOADER = "$(TEST_HOST)";
				INFOPLIST_FILE = GLDBManagerDemoTests/Info.plist;
				LD_RUNPATH_SEARCH_PATHS = "$(inherited) @executable_path/Frameworks @loader_path/Frameworks";
				PRODUCT_BUNDLE_IDENTIFIER = GrayLand.GLDBManagerDemoTests;
				PRODUCT_NAME = "$(TARGET_NAME)";
				TEST_HOST = "$(BUILT_PRODUCTS_DIR)/GLDBManagerDemo.app/GLDBManagerDemo";
			};
			name = Debug;
		};
		C35224191CFC563000D06E40 /* Release */ = {
			isa = XCBuildConfiguration;
			buildSettings = {
				BUNDLE_LOADER = "$(TEST_HOST)";
				INFOPLIST_FILE = GLDBManagerDemoTests/Info.plist;
				LD_RUNPATH_SEARCH_PATHS = "$(inherited) @executable_path/Frameworks @loader_path/Frameworks";
				PRODUCT_BUNDLE_IDENTIFIER = GrayLand.GLDBManagerDemoTests;
				PRODUCT_NAME = "$(TARGET_NAME)";
				TEST_HOST = "$(BUILT_PRODUCTS_DIR)/GLDBManagerDemo.app/GLDBManagerDemo";
			};
			name = Release;
		};
		C352241B1CFC563000D06E40 /* Debug */ = {
			isa = XCBuildConfiguration;
			buildSettings = {
				INFOPLIST_FILE = GLDBManagerDemoUITests/Info.plist;
				LD_RUNPATH_SEARCH_PATHS = "$(inherited) @executable_path/Frameworks @loader_path/Frameworks";
				PRODUCT_BUNDLE_IDENTIFIER = GrayLand.GLDBManagerDemoUITests;
				PRODUCT_NAME = "$(TARGET_NAME)";
				TEST_TARGET_NAME = GLDBManagerDemo;
				USES_XCTRUNNER = YES;
			};
			name = Debug;
		};
		C352241C1CFC563000D06E40 /* Release */ = {
			isa = XCBuildConfiguration;
			buildSettings = {
				INFOPLIST_FILE = GLDBManagerDemoUITests/Info.plist;
				LD_RUNPATH_SEARCH_PATHS = "$(inherited) @executable_path/Frameworks @loader_path/Frameworks";
				PRODUCT_BUNDLE_IDENTIFIER = GrayLand.GLDBManagerDemoUITests;
				PRODUCT_NAME = "$(TARGET_NAME)";
				TEST_TARGET_NAME = GLDBManagerDemo;
				USES_XCTRUNNER = YES;
			};
			name = Release;
		};
/* End XCBuildConfiguration section */

/* Begin XCConfigurationList section */
		C35223DF1CFC563000D06E40 /* Build configuration list for PBXProject "GLDBManagerDemo" */ = {
			isa = XCConfigurationList;
			buildConfigurations = (
				C35224121CFC563000D06E40 /* Debug */,
				C35224131CFC563000D06E40 /* Release */,
			);
			defaultConfigurationIsVisible = 0;
			defaultConfigurationName = Release;
		};
		C35224141CFC563000D06E40 /* Build configuration list for PBXNativeTarget "GLDBManagerDemo" */ = {
			isa = XCConfigurationList;
			buildConfigurations = (
				C35224151CFC563000D06E40 /* Debug */,
				C35224161CFC563000D06E40 /* Release */,
			);
			defaultConfigurationIsVisible = 0;
			defaultConfigurationName = Release;
		};
		C35224171CFC563000D06E40 /* Build configuration list for PBXNativeTarget "GLDBManagerDemoTests" */ = {
			isa = XCConfigurationList;
			buildConfigurations = (
				C35224181CFC563000D06E40 /* Debug */,
				C35224191CFC563000D06E40 /* Release */,
			);
			defaultConfigurationIsVisible = 0;
			defaultConfigurationName = Release;
		};
		C352241A1CFC563000D06E40 /* Build configuration list for PBXNativeTarget "GLDBManagerDemoUITests" */ = {
			isa = XCConfigurationList;
			buildConfigurations = (
				C352241B1CFC563000D06E40 /* Debug */,
				C352241C1CFC563000D06E40 /* Release */,
			);
			defaultConfigurationIsVisible = 0;
			defaultConfigurationName = Release;
		};
/* End XCConfigurationList section */

/* Begin XCVersionGroup section */
		C35223F31CFC563000D06E40 /* GLDBManagerDemo.xcdatamodeld */ = {
			isa = XCVersionGroup;
			children = (
				C35223F41CFC563000D06E40 /* GLDBManagerDemo.xcdatamodel */,
			);
			currentVersion = C35223F41CFC563000D06E40 /* GLDBManagerDemo.xcdatamodel */;
			path = GLDBManagerDemo.xcdatamodeld;
			sourceTree = "<group>";
			versionGroupType = wrapper.xcdatamodel;
		};
/* End XCVersionGroup section */
	};
	rootObject = C35223DC1CFC563000D06E40 /* Project object */;
}
